// !$*UTF8*$!
{
	archiveVersion = 1;
	classes = {
	};
	objectVersion = 50;
	objects = {

/* Begin PBXBuildFile section */
		643B396F251D768C00975AB5 /* DetailsView.swift in Sources */ = {isa = PBXBuildFile; fileRef = 643B396E251D768C00975AB5 /* DetailsView.swift */; };
		643B3971251D8B9E00975AB5 /* WebView.swift in Sources */ = {isa = PBXBuildFile; fileRef = 643B3970251D8B9E00975AB5 /* WebView.swift */; };
		64690A78251D52F80071A944 /* AppDelegate.swift in Sources */ = {isa = PBXBuildFile; fileRef = 64690A77251D52F80071A944 /* AppDelegate.swift */; };
		64690A7A251D52F80071A944 /* SceneDelegate.swift in Sources */ = {isa = PBXBuildFile; fileRef = 64690A79251D52F80071A944 /* SceneDelegate.swift */; };
		64690A7C251D52F80071A944 /* ContentView.swift in Sources */ = {isa = PBXBuildFile; fileRef = 64690A7B251D52F80071A944 /* ContentView.swift */; };
		64690A7E251D52FA0071A944 /* Assets.xcassets in Resources */ = {isa = PBXBuildFile; fileRef = 64690A7D251D52FA0071A944 /* Assets.xcassets */; };
		64690A81251D52FA0071A944 /* Preview Assets.xcassets in Resources */ = {isa = PBXBuildFile; fileRef = 64690A80251D52FA0071A944 /* Preview Assets.xcassets */; };
		64690A84251D52FA0071A944 /* LaunchScreen.storyboard in Resources */ = {isa = PBXBuildFile; fileRef = 64690A82251D52FA0071A944 /* LaunchScreen.storyboard */; };
/* End PBXBuildFile section */

/* Begin PBXBuildRule section */
		64962C62251E599600615432 /* PBXBuildRule */ = {
			isa = PBXBuildRule;
			compilerSpec = com.apple.compilers.proxy.script;
			fileType = sourcecode.nasm;
			inputFiles = (
			);
			isEditable = 1;
			outputFiles = (
			);
			script = "$(DEVELOPER_BIN_DIR)/nasm\n";
		};
/* End PBXBuildRule section */

/* Begin PBXFileReference section */
		643B396E251D768C00975AB5 /* DetailsView.swift */ = {isa = PBXFileReference; lastKnownFileType = sourcecode.swift; path = DetailsView.swift; sourceTree = "<group>"; };
		643B3970251D8B9E00975AB5 /* WebView.swift */ = {isa = PBXFileReference; lastKnownFileType = sourcecode.swift; path = WebView.swift; sourceTree = "<group>"; };
		643B3972251D8DC500975AB5 /* NathanVCard.entitlements */ = {isa = PBXFileReference; lastKnownFileType = text.plist.entitlements; path = NathanVCard.entitlements; sourceTree = "<group>"; };
		64690A74251D52F80071A944 /* NathanVCard.app */ = {isa = PBXFileReference; explicitFileType = wrapper.application; includeInIndex = 0; path = NathanVCard.app; sourceTree = BUILT_PRODUCTS_DIR; };
		64690A77251D52F80071A944 /* AppDelegate.swift */ = {isa = PBXFileReference; lastKnownFileType = sourcecode.swift; path = AppDelegate.swift; sourceTree = "<group>"; };
		64690A79251D52F80071A944 /* SceneDelegate.swift */ = {isa = PBXFileReference; lastKnownFileType = sourcecode.swift; path = SceneDelegate.swift; sourceTree = "<group>"; };
		64690A7B251D52F80071A944 /* ContentView.swift */ = {isa = PBXFileReference; lastKnownFileType = sourcecode.swift; path = ContentView.swift; sourceTree = "<group>"; };
		64690A7D251D52FA0071A944 /* Assets.xcassets */ = {isa = PBXFileReference; lastKnownFileType = folder.assetcatalog; path = Assets.xcassets; sourceTree = "<group>"; };
		64690A80251D52FA0071A944 /* Preview Assets.xcassets */ = {isa = PBXFileReference; lastKnownFileType = folder.assetcatalog; path = "Preview Assets.xcassets"; sourceTree = "<group>"; };
		64690A83251D52FA0071A944 /* Base */ = {isa = PBXFileReference; lastKnownFileType = file.storyboard; name = Base; path = Base.lproj/LaunchScreen.storyboard; sourceTree = "<group>"; };
		64690A85251D52FA0071A944 /* Info.plist */ = {isa = PBXFileReference; lastKnownFileType = text.plist.xml; path = Info.plist; sourceTree = "<group>"; };
/* End PBXFileReference section */

/* Begin PBXFrameworksBuildPhase section */
		64690A71251D52F80071A944 /* Frameworks */ = {
			isa = PBXFrameworksBuildPhase;
			buildActionMask = 2147483647;
			files = (
			);
			runOnlyForDeploymentPostprocessing = 0;
		};
/* End PBXFrameworksBuildPhase section */

/* Begin PBXGroup section */
		643B396D251D764C00975AB5 /* Views */ = {
			isa = PBXGroup;
			children = (
				64690A7B251D52F80071A944 /* ContentView.swift */,
				643B396E251D768C00975AB5 /* DetailsView.swift */,
				643B3970251D8B9E00975AB5 /* WebView.swift */,
			);
			path = Views;
			sourceTree = "<group>";
		};
		64690A6B251D52F80071A944 = {
			isa = PBXGroup;
			children = (
				64690A76251D52F80071A944 /* NathanVCard */,
				64690A75251D52F80071A944 /* Products */,
			);
			sourceTree = "<group>";
		};
		64690A75251D52F80071A944 /* Products */ = {
			isa = PBXGroup;
			children = (
				64690A74251D52F80071A944 /* NathanVCard.app */,
			);
			name = Products;
			sourceTree = "<group>";
		};
		64690A76251D52F80071A944 /* NathanVCard */ = {
			isa = PBXGroup;
			children = (
				643B3972251D8DC500975AB5 /* NathanVCard.entitlements */,
				64690A77251D52F80071A944 /* AppDelegate.swift */,
				64690A79251D52F80071A944 /* SceneDelegate.swift */,
				643B396D251D764C00975AB5 /* Views */,
				64690A7D251D52FA0071A944 /* Assets.xcassets */,
				64690A82251D52FA0071A944 /* LaunchScreen.storyboard */,
				64690A85251D52FA0071A944 /* Info.plist */,
				64690A7F251D52FA0071A944 /* Preview Content */,
			);
			path = NathanVCard;
			sourceTree = "<group>";
		};
		64690A7F251D52FA0071A944 /* Preview Content */ = {
			isa = PBXGroup;
			children = (
				64690A80251D52FA0071A944 /* Preview Assets.xcassets */,
			);
			path = "Preview Content";
			sourceTree = "<group>";
		};
/* End PBXGroup section */

/* Begin PBXNativeTarget section */
		64690A73251D52F80071A944 /* NathanVCard */ = {
			isa = PBXNativeTarget;
			buildConfigurationList = 64690A88251D52FA0071A944 /* Build configuration list for PBXNativeTarget "NathanVCard" */;
			buildPhases = (
				64690A70251D52F80071A944 /* Sources */,
				64690A71251D52F80071A944 /* Frameworks */,
				64690A72251D52F80071A944 /* Resources */,
			);
			buildRules = (
				64962C62251E599600615432 /* PBXBuildRule */,
			);
			dependencies = (
			);
			name = NathanVCard;
			productName = NathanVCard;
			productReference = 64690A74251D52F80071A944 /* NathanVCard.app */;
			productType = "com.apple.product-type.application";
		};
/* End PBXNativeTarget section */

/* Begin PBXProject section */
		64690A6C251D52F80071A944 /* Project object */ = {
			isa = PBXProject;
			attributes = {
				LastSwiftUpdateCheck = 1160;
				LastUpgradeCheck = 1160;
				ORGANIZATIONNAME = "Nathan Slippen";
				TargetAttributes = {
					64690A73251D52F80071A944 = {
						CreatedOnToolsVersion = 11.6;
					};
				};
			};
			buildConfigurationList = 64690A6F251D52F80071A944 /* Build configuration list for PBXProject "NathanVCard" */;
			compatibilityVersion = "Xcode 9.3";
			developmentRegion = en;
			hasScannedForEncodings = 0;
			knownRegions = (
				en,
				Base,
			);
			mainGroup = 64690A6B251D52F80071A944;
			productRefGroup = 64690A75251D52F80071A944 /* Products */;
			projectDirPath = "";
			projectRoot = "";
			targets = (
				64690A73251D52F80071A944 /* NathanVCard */,
			);
		};
/* End PBXProject section */

/* Begin PBXResourcesBuildPhase section */
		64690A72251D52F80071A944 /* Resources */ = {
			isa = PBXResourcesBuildPhase;
			buildActionMask = 2147483647;
			files = (
				64690A84251D52FA0071A944 /* LaunchScreen.storyboard in Resources */,
				64690A81251D52FA0071A944 /* Preview Assets.xcassets in Resources */,
				64690A7E251D52FA0071A944 /* Assets.xcassets in Resources */,
			);
			runOnlyForDeploymentPostprocessing = 0;
		};
/* End PBXResourcesBuildPhase section */

/* Begin PBXSourcesBuildPhase section */
		64690A70251D52F80071A944 /* Sources */ = {
			isa = PBXSourcesBuildPhase;
			buildActionMask = 2147483647;
			files = (
				64690A78251D52F80071A944 /* AppDelegate.swift in Sources */,
				643B3971251D8B9E00975AB5 /* WebView.swift in Sources */,
				64690A7A251D52F80071A944 /* SceneDelegate.swift in Sources */,
				643B396F251D768C00975AB5 /* DetailsView.swift in Sources */,
				64690A7C251D52F80071A944 /* ContentView.swift in Sources */,
			);
			runOnlyForDeploymentPostprocessing = 0;
		};
/* End PBXSourcesBuildPhase section */

/* Begin PBXVariantGroup section */
		64690A82251D52FA0071A944 /* LaunchScreen.storyboard */ = {
			isa = PBXVariantGroup;
			children = (
				64690A83251D52FA0071A944 /* Base */,
			);
			name = LaunchScreen.storyboard;
			sourceTree = "<group>";
		};
/* End PBXVariantGroup section */

/* Begin XCBuildConfiguration section */
		64690A86251D52FA0071A944 /* Debug */ = {
			isa = XCBuildConfiguration;
			buildSettings = {
				ALWAYS_SEARCH_USER_PATHS = NO;
				CLANG_ANALYZER_NONNULL = YES;
				CLANG_ANALYZER_NUMBER_OBJECT_CONVERSION = YES_AGGRESSIVE;
				CLANG_CXX_LANGUAGE_STANDARD = "gnu++14";
				CLANG_CXX_LIBRARY = "libc++";
				CLANG_ENABLE_MODULES = YES;
				CLANG_ENABLE_OBJC_ARC = YES;
				CLANG_ENABLE_OBJC_WEAK = YES;
				CLANG_WARN_BLOCK_CAPTURE_AUTORELEASING = YES;
				CLANG_WARN_BOOL_CONVERSION = YES;
				CLANG_WARN_COMMA = YES;
				CLANG_WARN_CONSTANT_CONVERSION = YES;
				CLANG_WARN_DEPRECATED_OBJC_IMPLEMENTATIONS = YES;
				CLANG_WARN_DIRECT_OBJC_ISA_USAGE = YES_ERROR;
				CLANG_WARN_DOCUMENTATION_COMMENTS = YES;
				CLANG_WARN_EMPTY_BODY = YES;
				CLANG_WARN_ENUM_CONVERSION = YES;
				CLANG_WARN_INFINITE_RECURSION = YES;
				CLANG_WARN_INT_CONVERSION = YES;
				CLANG_WARN_NON_LITERAL_NULL_CONVERSION = YES;
				CLANG_WARN_OBJC_IMPLICIT_RETAIN_SELF = YES;
				CLANG_WARN_OBJC_LITERAL_CONVERSION = YES;
				CLANG_WARN_OBJC_ROOT_CLASS = YES_ERROR;
				CLANG_WARN_RANGE_LOOP_ANALYSIS = YES;
				CLANG_WARN_STRICT_PROTOTYPES = YES;
				CLANG_WARN_SUSPICIOUS_MOVE = YES;
				CLANG_WARN_UNGUARDED_AVAILABILITY = YES_AGGRESSIVE;
				CLANG_WARN_UNREACHABLE_CODE = YES;
				CLANG_WARN__DUPLICATE_METHOD_MATCH = YES;
				COPY_PHASE_STRIP = NO;
				DEBUG_INFORMATION_FORMAT = dwarf;
				ENABLE_STRICT_OBJC_MSGSEND = YES;
				ENABLE_TESTABILITY = YES;
				GCC_C_LANGUAGE_STANDARD = gnu11;
				GCC_DYNAMIC_NO_PIC = NO;
				GCC_NO_COMMON_BLOCKS = YES;
				GCC_OPTIMIZATION_LEVEL = 0;
				GCC_PREPROCESSOR_DEFINITIONS = (
					"DEBUG=1",
					"$(inherited)",
				);
				GCC_WARN_64_TO_32_BIT_CONVERSION = YES;
				GCC_WARN_ABOUT_RETURN_TYPE = YES_ERROR;
				GCC_WARN_UNDECLARED_SELECTOR = YES;
				GCC_WARN_UNINITIALIZED_AUTOS = YES_AGGRESSIVE;
				GCC_WARN_UNUSED_FUNCTION = YES;
				GCC_WARN_UNUSED_VARIABLE = YES;
				IPHONEOS_DEPLOYMENT_TARGET = 13.6;
				MTL_ENABLE_DEBUG_INFO = INCLUDE_SOURCE;
				MTL_FAST_MATH = YES;
				ONLY_ACTIVE_ARCH = YES;
				SDKROOT = iphoneos;
				SWIFT_ACTIVE_COMPILATION_CONDITIONS = DEBUG;
				SWIFT_OPTIMIZATION_LEVEL = "-Onone";
			};
			name = Debug;
		};
		64690A87251D52FA0071A944 /* Release */ = {
			isa = XCBuildConfiguration;
			buildSettings = {
				ALWAYS_SEARCH_USER_PATHS = NO;
				CLANG_ANALYZER_NONNULL = YES;
				CLANG_ANALYZER_NUMBER_OBJECT_CONVERSION = YES_AGGRESSIVE;
				CLANG_CXX_LANGUAGE_STANDARD = "gnu++14";
				CLANG_CXX_LIBRARY = "libc++";
				CLANG_ENABLE_MODULES = YES;
				CLANG_ENABLE_OBJC_ARC = YES;
				CLANG_ENABLE_OBJC_WEAK = YES;
				CLANG_WARN_BLOCK_CAPTURE_AUTORELEASING = YES;
				CLANG_WARN_BOOL_CONVERSION = YES;
				CLANG_WARN_COMMA = YES;
				CLANG_WARN_CONSTANT_CONVERSION = YES;
				CLANG_WARN_DEPRECATED_OBJC_IMPLEMENTATIONS = YES;
				CLANG_WARN_DIRECT_OBJC_ISA_USAGE = YES_ERROR;
				CLANG_WARN_DOCUMENTATION_COMMENTS = YES;
				CLANG_WARN_EMPTY_BODY = YES;
				CLANG_WARN_ENUM_CONVERSION = YES;
				CLANG_WARN_INFINITE_RECURSION = YES;
				CLANG_WARN_INT_CONVERSION = YES;
				CLANG_WARN_NON_LITERAL_NULL_CONVERSION = YES;
				CLANG_WARN_OBJC_IMPLICIT_RETAIN_SELF = YES;
				CLANG_WARN_OBJC_LITERAL_CONVERSION = YES;
				CLANG_WARN_OBJC_ROOT_CLASS = YES_ERROR;
				CLANG_WARN_RANGE_LOOP_ANALYSIS = YES;
				CLANG_WARN_STRICT_PROTOTYPES = YES;
				CLANG_WARN_SUSPICIOUS_MOVE = YES;
				CLANG_WARN_UNGUARDED_AVAILABILITY = YES_AGGRESSIVE;
				CLANG_WARN_UNREACHABLE_CODE = YES;
				CLANG_WARN__DUPLICATE_METHOD_MATCH = YES;
				COPY_PHASE_STRIP = NO;
				DEBUG_INFORMATION_FORMAT = "dwarf-with-dsym";
				ENABLE_NS_ASSERTIONS = NO;
				ENABLE_STRICT_OBJC_MSGSEND = YES;
				GCC_C_LANGUAGE_STANDARD = gnu11;
				GCC_NO_COMMON_BLOCKS = YES;
				GCC_WARN_64_TO_32_BIT_CONVERSION = YES;
				GCC_WARN_ABOUT_RETURN_TYPE = YES_ERROR;
				GCC_WARN_UNDECLARED_SELECTOR = YES;
				GCC_WARN_UNINITIALIZED_AUTOS = YES_AGGRESSIVE;
				GCC_WARN_UNUSED_FUNCTION = YES;
				GCC_WARN_UNUSED_VARIABLE = YES;
				IPHONEOS_DEPLOYMENT_TARGET = 13.6;
				MTL_ENABLE_DEBUG_INFO = NO;
				MTL_FAST_MATH = YES;
				SDKROOT = iphoneos;
				SWIFT_COMPILATION_MODE = wholemodule;
				SWIFT_OPTIMIZATION_LEVEL = "-O";
				VALIDATE_PRODUCT = YES;
			};
			name = Release;
		};
		64690A89251D52FA0071A944 /* Debug */ = {
			isa = XCBuildConfiguration;
			buildSettings = {
				ASSETCATALOG_COMPILER_APPICON_NAME = AppIcon;
				CODE_SIGN_ENTITLEMENTS = NathanVCard/NathanVCard.entitlements;
				"CODE_SIGN_IDENTITY[sdk=macosx*]" = "-";
				CODE_SIGN_STYLE = Automatic;
				DEVELOPMENT_ASSET_PATHS = "\"NathanVCard/Preview Content\"";
				DEVELOPMENT_TEAM = ZT6YFLJWBP;
				ENABLE_PREVIEWS = YES;
				INFOPLIST_FILE = NathanVCard/Info.plist;
				IPHONEOS_DEPLOYMENT_TARGET = 13.7;
				LD_RUNPATH_SEARCH_PATHS = (
					"$(inherited)",
					"@executable_path/Frameworks",
				);
				PRODUCT_BUNDLE_IDENTIFIER = com.rlnss.NathanVCard;
				PRODUCT_NAME = "$(TARGET_NAME)";
				SUPPORTS_MACCATALYST = YES;
				SWIFT_VERSION = 5.0;
				TARGETED_DEVICE_FAMILY = "1,2";
			};
			name = Debug;
		};
		64690A8A251D52FA0071A944 /* Release */ = {
			isa = XCBuildConfiguration;
			buildSettings = {
				ASSETCATALOG_COMPILER_APPICON_NAME = AppIcon;
				CODE_SIGN_ENTITLEMENTS = NathanVCard/NathanVCard.entitlements;
				"CODE_SIGN_IDENTITY[sdk=macosx*]" = "-";
				CODE_SIGN_STYLE = Automatic;
				DEVELOPMENT_ASSET_PATHS = "\"NathanVCard/Preview Content\"";
				DEVELOPMENT_TEAM = ZT6YFLJWBP;
				ENABLE_PREVIEWS = YES;
				INFOPLIST_FILE = NathanVCard/Info.plist;
				IPHONEOS_DEPLOYMENT_TARGET = 13.7;
				LD_RUNPATH_SEARCH_PATHS = (
					"$(inherited)",
					"@executable_path/Frameworks",
				);
				PRODUCT_BUNDLE_IDENTIFIER = com.rlnss.NathanVCard;
				PRODUCT_NAME = "$(TARGET_NAME)";
				SUPPORTS_MACCATALYST = YES;
				SWIFT_VERSION = 5.0;
				TARGETED_DEVICE_FAMILY = "1,2";
			};
			name = Release;
		};
/* End XCBuildConfiguration section */

/* Begin XCConfigurationList section */
		64690A6F251D52F80071A944 /* Build configuration list for PBXProject "NathanVCard" */ = {
			isa = XCConfigurationList;
			buildConfigurations = (
				64690A86251D52FA0071A944 /* Debug */,
				64690A87251D52FA0071A944 /* Release */,
			);
			defaultConfigurationIsVisible = 0;
			defaultConfigurationName = Release;
		};
		64690A88251D52FA0071A944 /* Build configuration list for PBXNativeTarget "NathanVCard" */ = {
			isa = XCConfigurationList;
			buildConfigurations = (
				64690A89251D52FA0071A944 /* Debug */,
				64690A8A251D52FA0071A944 /* Release */,
			);
			defaultConfigurationIsVisible = 0;
			defaultConfigurationName = Release;
		};
/* End XCConfigurationList section */
	};
	rootObject = 64690A6C251D52F80071A944 /* Project object */;
}
